#MicroXplorer Configuration settings - do not modify
Dma.USART2_RX.3.Mode=DMA_NORMAL
Dma.USART1_TX.2.Direction=DMA_MEMORY_TO_PERIPH
PH0-OSC_IN.Signal=RCC_OSC_IN
Dma.SPI1_TX.0.PeriphInc=DMA_PINC_DISABLE
USART2.IPParameters=VirtualMode,BaudRate
SPI1.VirtualType=VM_MASTER
PB10.Mode=I2C
TIM1.IPParameters=EncoderMode
Dma.USART2_TX.4.Direction=DMA_MEMORY_TO_PERIPH
Dma.USART3_TX.6.Direction=DMA_MEMORY_TO_PERIPH
RCC.PLLCLKFreq_Value=84000000
RCC.PLLQCLKFreq_Value=42000000
PC7.Locked=true
PD3.GPIOParameters=GPIO_Label
PD8.Locked=true
PC3.Locked=true
RCC.RTCFreq_Value=32000
PA6.GPIO_Label=LED_2
PD0.Locked=true
PD4.Locked=true
Dma.USART2_RX.3.RequestParameters=Instance,Direction,PeriphInc,MemInc,PeriphDataAlignment,MemDataAlignment,Mode,Priority,FIFOMode
PD2.GPIOParameters=GPIO_Label
SH.S_TIM1_CH1.ConfNb=1
USART1.IPParameters=VirtualMode,BaudRate,StopBits
PD6.GPIO_Label=M4D0
PinOutPanel.RotationAngle=0
Dma.USART3_TX.6.Instance=DMA1_Stream3
Dma.USART3_TX.6.Mode=DMA_NORMAL
RCC.SYSCLKSource=RCC_SYSCLKSOURCE_PLLCLK
NVIC.SVCall_IRQn=true\:0\:0\:false\:false\:false\:false\:false\:false
USART1.StopBits=STOPBITS_1
USART3.BaudRate=9600
SH.S_TIM3_CH2.ConfNb=1
SPI1.Direction=SPI_DIRECTION_2LINES
TIM2.IPParameters=Period,EncoderMode
PD4.Signal=GPIO_Output
RCC.APB2TimFreq_Value=84000000
Dma.USART2_TX.4.Mode=DMA_NORMAL
PC7.Signal=S_TIM3_CH2
SPI1.CalculateBaudRate=5.25 MBits/s
PC3.Signal=GPIO_Input
PD0.Signal=GPIO_Output
PD8.Signal=USART3_TX
ProjectManager.ProjectBuild=false
Dma.USART1_RX.1.PeriphDataAlignment=DMA_PDATAALIGN_BYTE
NVIC.UsageFault_IRQn=true\:0\:0\:false\:false\:true\:false\:false\:false
PB3.Mode=Trace_Asynchronous_SW
PA4.Locked=true
PD1.GPIOParameters=GPIO_Label
PD1.GPIO_Label=M1D1
ProjectManager.FirmwarePackage=STM32Cube FW_F4 V1.26.0
MxDb.Version=DB.6.0.20
ProjectManager.BackupPrevious=true
PE9.Signal=S_TIM1_CH1
PE9.Locked=true
SPI1.DataSize=SPI_DATASIZE_16BIT
SH.S_TIM4_CH2.0=TIM4_CH2,Encoder_Interface
NVIC.PendSV_IRQn=true\:15\:0\:false\:false\:false\:true\:false\:false
Dma.USART1_TX.2.MemDataAlignment=DMA_MDATAALIGN_BYTE
ProjectManager.HalAssertFull=false
Dma.USART1_RX.1.Mode=DMA_NORMAL
Dma.SPI1_TX.0.Mode=DMA_NORMAL
RCC.MCO2PinFreq_Value=84000000
Mcu.Package=LQFP100
PB9.Signal=I2C1_SDA
NVIC.TimeBase=TIM1_UP_TIM10_IRQn
PD12.Signal=S_TIM4_CH1
PD5.GPIOParameters=GPIO_Label
NVIC.TimeBaseIP=TIM10
USART3.IPParameters=VirtualMode,Mode,BaudRate
PA10.Signal=USART1_RX
FREERTOS.FootprintOK=true
Dma.USART3_TX.6.PeriphInc=DMA_PINC_DISABLE
Dma.USART1_RX.1.PeriphInc=DMA_PINC_DISABLE
PA6.GPIO_ModeDefaultOutputPP=GPIO_MODE_OUTPUT_OD
Dma.USART3_TX.6.MemDataAlignment=DMA_MDATAALIGN_BYTE
Dma.USART2_RX.3.MemDataAlignment=DMA_MDATAALIGN_BYTE
NVIC.DMA2_Stream2_IRQn=true\:5\:0\:false\:false\:true\:true\:false\:true
SH.S_TIM4_CH1.0=TIM4_CH1,Encoder_Interface
RCC.APB1TimFreq_Value=84000000
NVIC.BusFault_IRQn=true\:0\:0\:false\:false\:true\:false\:false\:false
PA6.GPIO_Speed=GPIO_SPEED_FREQ_HIGH
NVIC.USART1_IRQn=true\:5\:0\:false\:false\:true\:true\:true\:true
NVIC.DMA1_Stream6_IRQn=true\:5\:0\:false\:false\:true\:true\:false\:true
PD5.Locked=true
PA4.GPIO_Label=CS
ProjectManager.CustomerFirmwarePackage=
PA5.Mode=TX_Only_Simplex_Unidirect_Master
PA6.GPIOParameters=GPIO_Speed,PinState,GPIO_Label,GPIO_ModeDefaultOutputPP
Dma.USART3_TX.6.MemInc=DMA_MINC_ENABLE
PD6.GPIOParameters=GPIO_Label
SH.S_TIM4_CH1.ConfNb=1
Dma.USART1_RX.1.Instance=DMA2_Stream2
ProjectManager.ProjectFileName=snow-lotus-robot-alpha.ioc
Dma.USART1_RX.1.MemDataAlignment=DMA_MDATAALIGN_BYTE
FREERTOS.Tasks01=defaultTask,24,512,StartDefaultTask,Default,NULL,Dynamic,NULL,NULL;ServoTask,24,512,StartServoTask,Default,NULL,Dynamic,NULL,NULL;DisplayTask,8,128,StartDisplayTask,Default,NULL,Dynamic,NULL,NULL;ChangeSpeedTask,8,128,StartChangeSpeedTask,As weak,NULL,Dynamic,NULL,NULL
Mcu.PinsNb=43
Dma.USART1_TX.2.MemInc=DMA_MINC_ENABLE
Dma.USART2_RX.3.Instance=DMA1_Stream5
PD3.Signal=GPIO_Output
PC2.Signal=GPIO_Input
PC6.Signal=S_TIM3_CH1
PD7.Signal=GPIO_Output
PD1.Signal=GPIO_Output
Dma.USART2_RX.3.PeriphDataAlignment=DMA_PDATAALIGN_BYTE
PA6.PinState=GPIO_PIN_RESET
Dma.USART1_TX.2.RequestParameters=Instance,Direction,PeriphInc,MemInc,PeriphDataAlignment,MemDataAlignment,Mode,Priority,FIFOMode
PC0.Signal=GPIO_Input
RCC.APB1CLKDivider=RCC_HCLK_DIV2
PC14-OSC32_IN.Signal=RCC_OSC32_IN
Dma.USART3_TX.6.RequestParameters=Instance,Direction,PeriphInc,MemInc,PeriphDataAlignment,MemDataAlignment,Mode,Priority,FIFOMode
USART2.BaudRate=9600
SH.S_TIM2_CH1_ETR.ConfNb=1
PA0-WKUP.Signal=S_TIM2_CH1_ETR
PC3.GPIOParameters=GPIO_Label
PA3.Mode=Asynchronous
Dma.SPI1_TX.0.FIFOMode=DMA_FIFOMODE_DISABLE
Dma.USART2_RX.3.FIFOMode=DMA_FIFOMODE_DISABLE
Dma.SPI1_TX.0.RequestParameters=Instance,Direction,PeriphInc,MemInc,PeriphDataAlignment,MemDataAlignment,Mode,Priority,FIFOMode
VP_SYS_VS_tim10.Mode=TIM10
PB11.Mode=I2C
TIM4.IPParameters=EncoderMode
PC6.Locked=true
PA9.Signal=USART1_TX
SH.S_TIM2_CH2.ConfNb=1
PD7.Locked=true
PD8.Mode=Asynchronous
Dma.USART3_RX.5.PeriphInc=DMA_PINC_DISABLE
Dma.USART2_TX.4.PeriphInc=DMA_PINC_DISABLE
PB10.Signal=I2C2_SCL
PA5.Signal=SPI1_SCK
Mcu.Pin40=PB9
Mcu.Pin41=VP_FREERTOS_VS_CMSIS_V2
Dma.USART1_RX.1.FIFOMode=DMA_FIFOMODE_DISABLE
Mcu.Pin42=VP_SYS_VS_tim10
VP_SYS_VS_tim10.Signal=SYS_VS_tim10
ProjectManager.LastFirmware=true
Dma.USART1_TX.2.FIFOMode=DMA_FIFOMODE_DISABLE
SPI1.CRCCalculation=SPI_CRCCALCULATION_DISABLE
Mcu.Pin37=PD7
Mcu.Pin38=PB3
Mcu.Pin35=PD5
Mcu.Pin36=PD6
SPI1.Mode=SPI_MODE_MASTER
Mcu.Pin39=PB8
PC2.GPIOParameters=GPIO_Label
Mcu.Pin30=PD0
RCC.EthernetFreq_Value=84000000
Mcu.Pin33=PD3
TIM3.IPParameters=EncoderMode
Mcu.Pin34=PD4
Mcu.Pin31=PD1
Mcu.Pin32=PD2
Dma.SPI1_TX.0.Instance=DMA2_Stream3
PA9.Locked=true
NVIC.NonMaskableInt_IRQn=true\:0\:0\:false\:false\:true\:false\:false\:true
TIM2.Period=65535
PA13.Mode=Trace_Asynchronous_SW
ProjectManager.FreePins=false
Mcu.Pin26=PA9
Mcu.Pin27=PA10
RCC.RTCHSEDivFreq_Value=4000000
Mcu.Pin24=PC6
ProjectManager.UnderRoot=true
Mcu.Pin25=PC7
Mcu.Pin28=PA13
Mcu.Pin29=PA14
Dma.USART3_TX.6.Priority=DMA_PRIORITY_LOW
PA4.Signal=GPIO_Output
Mcu.Pin22=PD12
USART3.Mode=MODE_TX_RX
Mcu.Pin23=PD13
Mcu.Pin20=PD8
Mcu.Pin21=PD9
NVIC.ForceEnableDMAVector=true
NVIC.MemoryManagement_IRQn=true\:0\:0\:false\:false\:true\:false\:false\:false
USART1.VirtualMode=VM_ASYNC
ProjectManager.CompilerOptimize=6
SH.S_TIM2_CH1_ETR.0=TIM2_CH1,Encoder_Interface
ProjectManager.HeapSize=0x200
Mcu.Pin15=PA7
NVIC.HardFault_IRQn=true\:0\:0\:false\:false\:true\:false\:false\:false
Mcu.Pin16=PE9
Mcu.Pin13=PA5
Mcu.Pin14=PA6
Mcu.Pin19=PB11
SH.S_TIM3_CH1.ConfNb=1
NVIC.TIM1_UP_TIM10_IRQn=true\:0\:0\:false\:false\:true\:false\:false\:true
ProjectManager.ComputerToolchain=false
FREERTOS.Timers01=EncoderTimer,EncoderTimerCallback,osTimerPeriodic,As weak,&hawhl,Dynamic,NULL;PIDTimer,PIDTimerCallback,osTimerPeriodic,As weak,&hawhl,Dynamic,NULL
Mcu.Pin17=PE11
Mcu.Pin18=PB10
NVIC.PriorityGroup=NVIC_PRIORITYGROUP_4
Mcu.Pin11=PA3
Dma.USART1_TX.2.Instance=DMA2_Stream7
PD0.GPIOParameters=GPIO_Label
Mcu.Pin12=PA4
PB8.Mode=I2C
Mcu.Pin10=PA2
PC3.GPIO_Label=T4
Dma.USART1_RX.1.Direction=DMA_PERIPH_TO_MEMORY
PD2.Signal=GPIO_Output
PD1.Locked=true
PC0.Locked=true
PC1.Signal=GPIO_Input
PD2.GPIO_Label=M2D0
PD7.GPIOParameters=GPIO_Label
Dma.USART2_TX.4.MemDataAlignment=DMA_MDATAALIGN_BYTE
Mcu.Family=STM32F4
NVIC.USART3_IRQn=true\:5\:0\:false\:false\:true\:true\:true\:true
Dma.USART3_RX.5.PeriphDataAlignment=DMA_PDATAALIGN_BYTE
ProjectManager.MainLocation=Core/Src
SH.S_TIM4_CH2.ConfNb=1
Dma.SPI1_TX.0.MemInc=DMA_MINC_ENABLE
RCC.CortexFreq_Value=84000000
ProjectManager.KeepUserCode=true
Mcu.UserName=STM32F407VETx
USART1.BaudRate=115200
TIM4.EncoderMode=TIM_ENCODERMODE_TI12
TIM3.EncoderMode=TIM_ENCODERMODE_TI12
ProjectManager.functionlistsort=1-MX_GPIO_Init-GPIO-false-HAL-true,2-MX_DMA_Init-DMA-false-HAL-true,3-SystemClock_Config-RCC-false-HAL-false,4-MX_TIM2_Init-TIM2-false-HAL-true,5-MX_I2C1_Init-I2C1-false-HAL-true,6-MX_SPI1_Init-SPI1-false-HAL-true,7-MX_USART1_UART_Init-USART1-false-HAL-true,8-MX_USART3_UART_Init-USART3-false-HAL-true,9-MX_USART2_UART_Init-USART2-false-HAL-true,10-MX_I2C2_Init-I2C2-false-HAL-true,11-MX_TIM1_Init-TIM1-false-HAL-true,12-MX_TIM3_Init-TIM3-false-HAL-true,13-MX_TIM4_Init-TIM4-false-HAL-true
PC0.GPIOParameters=GPIO_Label
PD0.GPIO_Label=M1D0
PC0.GPIO_Label=T1
TIM1.EncoderMode=TIM_ENCODERMODE_TI12
PD6.Locked=true
Dma.USART2_TX.4.Instance=DMA1_Stream6
TIM2.EncoderMode=TIM_ENCODERMODE_TI12
PD2.Locked=true
PC1.Locked=true
PB11.Signal=I2C2_SDA
PD9.Mode=Asynchronous
ProjectManager.StackSize=0x400
VP_FREERTOS_VS_CMSIS_V2.Mode=CMSIS_V2
PD13.Signal=S_TIM4_CH2
Dma.USART3_RX.5.MemInc=DMA_MINC_ENABLE
Mcu.IP4=NVIC
Mcu.IP5=RCC
RCC.FCLKCortexFreq_Value=84000000
Mcu.IP2=I2C1
Mcu.IP3=I2C2
Mcu.IP0=DMA
Mcu.IP1=FREERTOS
Mcu.UserConstants=
PC1.GPIOParameters=GPIO_Label
Mcu.ThirdPartyNb=0
RCC.HCLKFreq_Value=84000000
RCC.I2SClocksFreq_Value=192000000
Mcu.IPNb=15
ProjectManager.PreviousToolchain=STM32CubeIDE
RCC.VcooutputI2S=192000000
Mcu.Pin6=PC2
Mcu.Pin7=PC3
Mcu.Pin8=PA0-WKUP
Mcu.Pin9=PA1
Dma.USART1_RX.1.MemInc=DMA_MINC_ENABLE
FREERTOS.IPParameters=Tasks01,FootprintOK,Timers01
RCC.AHBFreq_Value=84000000
PH0-OSC_IN.Mode=HSE-External-Oscillator
Mcu.Pin0=PC14-OSC32_IN
Mcu.Pin1=PC15-OSC32_OUT
Dma.USART2_TX.4.PeriphDataAlignment=DMA_PDATAALIGN_BYTE
GPIO.groupedBy=Group By Peripherals
Mcu.Pin2=PH0-OSC_IN
Mcu.Pin3=PH1-OSC_OUT
Mcu.Pin4=PC0
Mcu.Pin5=PC1
RCC.HSE_VALUE=8000000
NVIC.DebugMonitor_IRQn=true\:0\:0\:false\:false\:true\:false\:false\:false
Mcu.IP10=TIM3
NVIC.SysTick_IRQn=true\:15\:0\:false\:false\:false\:true\:false\:true
Mcu.IP12=USART1
Mcu.IP11=TIM4
PA4.GPIO_Speed=GPIO_SPEED_FREQ_VERY_HIGH
Mcu.IP14=USART3
Mcu.IP13=USART2
Dma.USART2_TX.4.Priority=DMA_PRIORITY_LOW
PC14-OSC32_IN.Mode=LSE-External-Oscillator
RCC.VCOInputFreq_Value=2000000
PA14.Mode=Trace_Asynchronous_SW
File.Version=6
Dma.USART2_TX.4.FIFOMode=DMA_FIFOMODE_DISABLE
Dma.USART1_TX.2.PeriphDataAlignment=DMA_PDATAALIGN_BYTE
SH.S_TIM3_CH1.0=TIM3_CH1,Encoder_Interface
Dma.RequestsNb=7
ProjectManager.ProjectName=snow-lotus-robot-alpha
Dma.USART2_RX.3.Direction=DMA_PERIPH_TO_MEMORY
PD7.GPIO_Label=M4D1
PH1-OSC_OUT.Mode=HSE-External-Oscillator
PA6.Signal=GPIO_Output
NVIC.DMA2_Stream7_IRQn=true\:5\:0\:false\:false\:true\:true\:false\:true
PA7.Locked=true
USART2.VirtualMode=VM_ASYNC
RCC.EnbaleCSS=true
Dma.USART3_RX.5.Priority=DMA_PRIORITY_LOW
PD5.GPIO_Label=M3D1
ProjectManager.ToolChainLocation=
RCC.LSI_VALUE=32000
Dma.Request2=USART1_TX
Dma.Request1=USART1_RX
Dma.Request4=USART2_TX
Dma.Request3=USART2_RX
Dma.Request6=USART3_TX
Dma.Request5=USART3_RX
PD3.GPIO_Label=M2D1
Dma.USART1_RX.1.Priority=DMA_PRIORITY_LOW
PD6.Signal=GPIO_Output
Dma.Request0=SPI1_TX
SPI1.BaudRatePrescaler=SPI_BAUDRATEPRESCALER_16
PC2.GPIO_Label=T3
PA3.Signal=USART2_RX
RCC.PLLSourceVirtual=RCC_PLLSOURCE_HSE
PC15-OSC32_OUT.Mode=LSE-External-Oscillator
PA7.Mode=TX_Only_Simplex_Unidirect_Master
PA10.Mode=Asynchronous
ProjectManager.NoMain=false
SPI1.IPParameters=VirtualType,Mode,Direction,CalculateBaudRate,DataSize,BaudRatePrescaler,CRCCalculation
Dma.USART2_TX.4.MemInc=DMA_MINC_ENABLE
NVIC.SavedSvcallIrqHandlerGenerated=true
Dma.USART3_RX.5.Instance=DMA1_Stream1
ProjectManager.DefaultFWLocation=true
PD5.Signal=GPIO_Output
PD9.Signal=USART3_RX
NVIC.DMA1_Stream1_IRQn=true\:5\:0\:false\:false\:true\:true\:false\:true
ProjectManager.DeletePrevious=true
NVIC.USART2_IRQn=true\:5\:0\:false\:false\:true\:true\:true\:true
RCC.FamilyName=M
PA13.Signal=SYS_JTMS-SWDIO
SH.S_TIM2_CH2.0=TIM2_CH2,Encoder_Interface
PA9.Mode=Asynchronous
SH.S_TIM1_CH1.0=TIM1_CH1,Encoder_Interface
PA4.PinState=GPIO_PIN_SET
ProjectManager.TargetToolchain=STM32CubeIDE
Dma.USART1_RX.1.RequestParameters=Instance,Direction,PeriphInc,MemInc,PeriphDataAlignment,MemDataAlignment,Mode,Priority,FIFOMode
NVIC.DMA1_Stream5_IRQn=true\:5\:0\:false\:false\:true\:true\:false\:true
Dma.USART3_RX.5.FIFOMode=DMA_FIFOMODE_DISABLE
Dma.SPI1_TX.0.PeriphDataAlignment=DMA_PDATAALIGN_HALFWORD
Dma.SPI1_TX.0.Direction=DMA_MEMORY_TO_PERIPH
PB9.Mode=I2C
PC2.Locked=true
ProjectManager.RegisterCallBack=
NVIC.DMA2_Stream3_IRQn=true\:5\:0\:false\:false\:true\:true\:false\:true
PE11.Signal=S_TIM1_CH2
PD3.Locked=true
PC15-OSC32_OUT.Signal=RCC_OSC32_OUT
PA1.Signal=S_TIM2_CH2
SH.S_TIM1_CH2.ConfNb=1
RCC.VCOI2SOutputFreq_Value=384000000
SH.S_TIM3_CH2.0=TIM3_CH2,Encoder_Interface
board=custom
Dma.USART3_RX.5.Direction=DMA_PERIPH_TO_MEMORY
RCC.VCOOutputFreq_Value=168000000
NVIC.SavedSystickIrqHandlerGenerated=true
RCC.APB2Freq_Value=84000000
MxCube.Version=6.2.0
SH.S_TIM1_CH2.0=TIM1_CH2,Encoder_Interface
PD4.GPIO_Label=M3D0
Dma.USART1_TX.2.Priority=DMA_PRIORITY_LOW
PD4.GPIOParameters=GPIO_Label
PC1.GPIO_Label=T2
PH1-OSC_OUT.Signal=RCC_OSC_OUT
PA4.GPIOParameters=GPIO_Speed,PinState,GPIO_Label
Dma.USART3_TX.6.PeriphDataAlignment=DMA_PDATAALIGN_BYTE
RCC.IPParameters=48MHZClocksFreq_Value,AHBFreq_Value,APB1CLKDivider,APB1Freq_Value,APB1TimFreq_Value,APB2Freq_Value,APB2TimFreq_Value,CortexFreq_Value,EnbaleCSS,EthernetFreq_Value,FCLKCortexFreq_Value,FamilyName,HCLKFreq_Value,HSE_VALUE,HSI_VALUE,I2SClocksFreq_Value,LSI_VALUE,MCO2PinFreq_Value,PLLCLKFreq_Value,PLLM,PLLN,PLLQCLKFreq_Value,PLLSourceVirtual,RTCFreq_Value,RTCHSEDivFreq_Value,SYSCLKFreq_VALUE,SYSCLKSource,VCOI2SOutputFreq_Value,VCOInputFreq_Value,VCOOutputFreq_Value,VcooutputI2S
PE11.Locked=true
ProjectManager.AskForMigrate=true
Mcu.Name=STM32F407V(E-G)Tx
Dma.USART3_TX.6.FIFOMode=DMA_FIFOMODE_DISABLE
NVIC.SavedPendsvIrqHandlerGenerated=true
PA2.Signal=USART2_TX
Dma.USART1_TX.2.PeriphInc=DMA_PINC_DISABLE
Mcu.IP8=TIM1
VP_FREERTOS_VS_CMSIS_V2.Signal=FREERTOS_VS_CMSIS_V2
Mcu.IP9=TIM2
Mcu.IP6=SPI1
Mcu.IP7=SYS
ProjectManager.CoupleFile=true
RCC.48MHZClocksFreq_Value=42000000
PB3.Signal=SYS_JTDO-SWO
RCC.SYSCLKFreq_VALUE=84000000
KeepUserPlacement=false
USART3.VirtualMode=VM_ASYNC
PA14.Signal=SYS_JTCK-SWCLK
Dma.USART3_RX.5.Mode=DMA_NORMAL
Dma.SPI1_TX.0.Priority=DMA_PRIORITY_LOW
Dma.SPI1_TX.0.MemDataAlignment=DMA_MDATAALIGN_HALFWORD
Dma.USART2_RX.3.MemInc=DMA_MINC_ENABLE
Dma.USART2_RX.3.PeriphInc=DMA_PINC_DISABLE
Dma.USART1_TX.2.Mode=DMA_NORMAL
RCC.HSI_VALUE=16000000
RCC.PLLM=4
RCC.PLLN=84
Dma.USART2_RX.3.Priority=DMA_PRIORITY_LOW
PA2.Mode=Asynchronous
PB8.Signal=I2C1_SCL
Dma.USART2_TX.4.RequestParameters=Instance,Direction,PeriphInc,MemInc,PeriphDataAlignment,MemDataAlignment,Mode,Priority,FIFOMode
NVIC.DMA1_Stream3_IRQn=true\:5\:0\:false\:false\:true\:true\:false\:true
Dma.USART3_RX.5.MemDataAlignment=DMA_MDATAALIGN_BYTE
Dma.USART3_RX.5.RequestParameters=Instance,Direction,PeriphInc,MemInc,PeriphDataAlignment,MemDataAlignment,Mode,Priority,FIFOMode
PD9.Locked=true
RCC.APB1Freq_Value=42000000
ProjectManager.DeviceId=STM32F407VETx
ProjectManager.LibraryCopy=1
PA7.Signal=SPI1_MOSI
PA6.Locked=true
isbadioc=false
